
Microsoft Visual Studio Solution File, Format Version 12.00
# Visual Studio 2013
VisualStudioVersion = 12.0.30501.0
MinimumVisualStudioVersion = 10.0.40219.1
Project("{FAE04EC0-301F-11D3-BF4B-00C04F79EFBC}") = "Ch07", "Ch07\Ch07.csproj", "{D96CD1E2-CF15-401A-BC49-7E238DA2F03D}"
EndProject
Global
	GlobalSection(SolutionConfigurationPlatforms) = preSolution
		Debug|Any CPU = Debug|Any CPU
		Release|Any CPU = Release|Any CPU
	EndGlobalSection
	GlobalSection(ProjectConfigurationPlatforms) = postSolution
		{D96CD1E2-CF15-401A-BC49-7E238DA2F03D}.Debug|Any CPU.ActiveCfg = Debug|Any CPU
		{D96CD1E2-CF15-401A-BC49-7E238DA2F03D}.Debug|Any CPU.Build.0 = Debug|Any CPU
		{D96CD1E2-CF15-401A-BC49-7E238DA2F03D}.Release|Any CPU.ActiveCfg = Release|Any CPU
		{D96CD1E2-CF15-401A-BC49-7E238DA2F03D}.Release|Any CPU.Build.0 = Release|Any CPU
	EndGlobalSection
	GlobalSection(SolutionProperties) = preSolution
		HideSolutionNode = FALSE
	EndGlobalSection
EndGlobal
