
Microsoft Visual Studio Solution File, Format Version 12.00
# Visual Studio 2013
VisualStudioVersion = 12.0.21005.1
MinimumVisualStudioVersion = 10.0.40219.1
Project("{FAE04EC0-301F-11D3-BF4B-00C04F79EFBC}") = "CalculateShippingFee", "CalculateShippingFee\CalculateShippingFee.csproj", "{CA654667-F271-4521-9EC7-D48A01CE6038}"
EndProject
Project("{FAE04EC0-301F-11D3-BF4B-00C04F79EFBC}") = "CalculateShippingFee.Tests", "CalculateShippingFee.Tests\CalculateShippingFee.Tests.csproj", "{4E8D34BE-DB58-44E0-BD33-814E98F8E2A2}"
EndProject
Global
	GlobalSection(SolutionConfigurationPlatforms) = preSolution
		Debug|Any CPU = Debug|Any CPU
		Release|Any CPU = Release|Any CPU
	EndGlobalSection
	GlobalSection(ProjectConfigurationPlatforms) = postSolution
		{CA654667-F271-4521-9EC7-D48A01CE6038}.Debug|Any CPU.ActiveCfg = Debug|Any CPU
		{CA654667-F271-4521-9EC7-D48A01CE6038}.Debug|Any CPU.Build.0 = Debug|Any CPU
		{CA654667-F271-4521-9EC7-D48A01CE6038}.Release|Any CPU.ActiveCfg = Release|Any CPU
		{CA654667-F271-4521-9EC7-D48A01CE6038}.Release|Any CPU.Build.0 = Release|Any CPU
		{4E8D34BE-DB58-44E0-BD33-814E98F8E2A2}.Debug|Any CPU.ActiveCfg = Debug|Any CPU
		{4E8D34BE-DB58-44E0-BD33-814E98F8E2A2}.Debug|Any CPU.Build.0 = Debug|Any CPU
		{4E8D34BE-DB58-44E0-BD33-814E98F8E2A2}.Release|Any CPU.ActiveCfg = Release|Any CPU
		{4E8D34BE-DB58-44E0-BD33-814E98F8E2A2}.Release|Any CPU.Build.0 = Release|Any CPU
	EndGlobalSection
	GlobalSection(SolutionProperties) = preSolution
		HideSolutionNode = FALSE
	EndGlobalSection
EndGlobal
