
Microsoft Visual Studio Solution File, Format Version 12.00
# Visual Studio 2013
VisualStudioVersion = 12.0.30501.0
MinimumVisualStudioVersion = 10.0.40219.1
Project("{FAE04EC0-301F-11D3-BF4B-00C04F79EFBC}") = "SeleniumSample", "SeleniumSample\SeleniumSample.csproj", "{60549429-3600-4A65-B2D6-8ADFBD596DBD}"
EndProject
Project("{FAE04EC0-301F-11D3-BF4B-00C04F79EFBC}") = "SeleniumSample.Tests", "SeleniumSample.Tests\SeleniumSample.Tests.csproj", "{1EE1F89A-088C-45D6-BB87-4B13E13D1B34}"
EndProject
Project("{2150E333-8FDC-42A3-9474-1A3956D46DE8}") = ".nuget", ".nuget", "{9C0166A4-E6FD-44B5-BA85-1CDD9E1EE5EC}"
	ProjectSection(SolutionItems) = preProject
		.nuget\NuGet.Config = .nuget\NuGet.Config
		.nuget\NuGet.exe = .nuget\NuGet.exe
		.nuget\NuGet.targets = .nuget\NuGet.targets
	EndProjectSection
EndProject
Global
	GlobalSection(SolutionConfigurationPlatforms) = preSolution
		Debug|Any CPU = Debug|Any CPU
		Release|Any CPU = Release|Any CPU
	EndGlobalSection
	GlobalSection(ProjectConfigurationPlatforms) = postSolution
		{60549429-3600-4A65-B2D6-8ADFBD596DBD}.Debug|Any CPU.ActiveCfg = Debug|Any CPU
		{60549429-3600-4A65-B2D6-8ADFBD596DBD}.Debug|Any CPU.Build.0 = Debug|Any CPU
		{60549429-3600-4A65-B2D6-8ADFBD596DBD}.Release|Any CPU.ActiveCfg = Release|Any CPU
		{60549429-3600-4A65-B2D6-8ADFBD596DBD}.Release|Any CPU.Build.0 = Release|Any CPU
		{1EE1F89A-088C-45D6-BB87-4B13E13D1B34}.Debug|Any CPU.ActiveCfg = Debug|Any CPU
		{1EE1F89A-088C-45D6-BB87-4B13E13D1B34}.Debug|Any CPU.Build.0 = Debug|Any CPU
		{1EE1F89A-088C-45D6-BB87-4B13E13D1B34}.Release|Any CPU.ActiveCfg = Release|Any CPU
		{1EE1F89A-088C-45D6-BB87-4B13E13D1B34}.Release|Any CPU.Build.0 = Release|Any CPU
	EndGlobalSection
	GlobalSection(SolutionProperties) = preSolution
		HideSolutionNode = FALSE
	EndGlobalSection
EndGlobal
